// !$*UTF8*$!
{
	archiveVersion = 1;
	classes = {
	};
	objectVersion = 55;
	objects = {

/* Begin PBXBuildFile section */
		A6499246281E23DC000BADDD /* FirebaseStorage in Frameworks */ = {isa = PBXBuildFile; productRef = A6499245281E23DC000BADDD /* FirebaseStorage */; };
		A657103428281DD600C0B37A /* ItemDetailVC.swift in Sources */ = {isa = PBXBuildFile; fileRef = A657103328281DD600C0B37A /* ItemDetailVC.swift */; };
		A68B634E27E7C81200B7C6BC /* WishListCollectionVC.swift in Sources */ = {isa = PBXBuildFile; fileRef = A68B634D27E7C81200B7C6BC /* WishListCollectionVC.swift */; };
		A6F37F3227EE35B100BA3D1A /* ItemTableVC.swift in Sources */ = {isa = PBXBuildFile; fileRef = A6F37F3027EE35B100BA3D1A /* ItemTableVC.swift */; };
		A6F37F3627EE7F3200BA3D1A /* ItemTableViewCell.swift in Sources */ = {isa = PBXBuildFile; fileRef = A6F37F3427EE7F3200BA3D1A /* ItemTableViewCell.swift */; };
		A6F37F3727EE7F3200BA3D1A /* ItemTableViewCell.xib in Resources */ = {isa = PBXBuildFile; fileRef = A6F37F3527EE7F3200BA3D1A /* ItemTableViewCell.xib */; };
		A6FE177E2810EBFF00C069CC /* NewListVC.swift in Sources */ = {isa = PBXBuildFile; fileRef = A6FE177D2810EBFF00C069CC /* NewListVC.swift */; };
		A6FE17812812386F00C069CC /* AddItemVC.swift in Sources */ = {isa = PBXBuildFile; fileRef = A6FE17802812386F00C069CC /* AddItemVC.swift */; };
		AB2961C42812191500ECE28B /* FriendsVC.swift in Sources */ = {isa = PBXBuildFile; fileRef = AB2961C32812191500ECE28B /* FriendsVC.swift */; };
		AB2961C728124BAF00ECE28B /* FriendCollectionViewCell.swift in Sources */ = {isa = PBXBuildFile; fileRef = AB2961C528124BAF00ECE28B /* FriendCollectionViewCell.swift */; };
		AB2961C828124BAF00ECE28B /* FriendCollectionViewCell.xib in Resources */ = {isa = PBXBuildFile; fileRef = AB2961C628124BAF00ECE28B /* FriendCollectionViewCell.xib */; };
		AB763EA5281337E0003C74CD /* ProfileVC.swift in Sources */ = {isa = PBXBuildFile; fileRef = AB763EA4281337E0003C74CD /* ProfileVC.swift */; };
		AB763EA928133971003C74CD /* User.swift in Sources */ = {isa = PBXBuildFile; fileRef = AB763EA828133971003C74CD /* User.swift */; };
		AB763EAB28135647003C74CD /* NotificationsVC.swift in Sources */ = {isa = PBXBuildFile; fileRef = AB763EAA28135647003C74CD /* NotificationsVC.swift */; };
		AB763EAE2813566E003C74CD /* NotificationCell.swift in Sources */ = {isa = PBXBuildFile; fileRef = AB763EAC2813566E003C74CD /* NotificationCell.swift */; };
		AB763EAF2813566E003C74CD /* NotificationCell.xib in Resources */ = {isa = PBXBuildFile; fileRef = AB763EAD2813566E003C74CD /* NotificationCell.xib */; };
		AB763EB1281452D9003C74CD /* Notification.swift in Sources */ = {isa = PBXBuildFile; fileRef = AB763EB0281452D9003C74CD /* Notification.swift */; };
		AB84F715282773FD00226B27 /* TabBarVC.swift in Sources */ = {isa = PBXBuildFile; fileRef = AB84F714282773FD00226B27 /* TabBarVC.swift */; };
		ABC14E4F2824AFB600C88F58 /* WishListCollectionViewCell.swift in Sources */ = {isa = PBXBuildFile; fileRef = ABC14E4D2824AFB600C88F58 /* WishListCollectionViewCell.swift */; };
		ABC14E502824AFB600C88F58 /* WishListCollectionViewCell.xib in Resources */ = {isa = PBXBuildFile; fileRef = ABC14E4E2824AFB600C88F58 /* WishListCollectionViewCell.xib */; };
		ABC165C527E39BC1006C0B2C /* AppDelegate.swift in Sources */ = {isa = PBXBuildFile; fileRef = ABC165C427E39BC1006C0B2C /* AppDelegate.swift */; };
		ABC165C727E39BC1006C0B2C /* SceneDelegate.swift in Sources */ = {isa = PBXBuildFile; fileRef = ABC165C627E39BC1006C0B2C /* SceneDelegate.swift */; };
		ABC165C927E39BC1006C0B2C /* SignInVC.swift in Sources */ = {isa = PBXBuildFile; fileRef = ABC165C827E39BC1006C0B2C /* SignInVC.swift */; };
		ABC165CC27E39BC1006C0B2C /* Main.storyboard in Resources */ = {isa = PBXBuildFile; fileRef = ABC165CA27E39BC1006C0B2C /* Main.storyboard */; };
		ABC165CE27E39BC2006C0B2C /* Assets.xcassets in Resources */ = {isa = PBXBuildFile; fileRef = ABC165CD27E39BC2006C0B2C /* Assets.xcassets */; };
		ABC165D127E39BC2006C0B2C /* LaunchScreen.storyboard in Resources */ = {isa = PBXBuildFile; fileRef = ABC165CF27E39BC2006C0B2C /* LaunchScreen.storyboard */; };
		ABC165DC27E39BC2006C0B2C /* Bought_or_NotTests.swift in Sources */ = {isa = PBXBuildFile; fileRef = ABC165DB27E39BC2006C0B2C /* Bought_or_NotTests.swift */; };
		ABC165E627E39BC2006C0B2C /* Bought_or_NotUITests.swift in Sources */ = {isa = PBXBuildFile; fileRef = ABC165E527E39BC2006C0B2C /* Bought_or_NotUITests.swift */; };
		ABC165E827E39BC2006C0B2C /* Bought_or_NotUITestsLaunchTests.swift in Sources */ = {isa = PBXBuildFile; fileRef = ABC165E727E39BC2006C0B2C /* Bought_or_NotUITestsLaunchTests.swift */; };
		ABC165F527E39E2D006C0B2C /* RegistrationVC.swift in Sources */ = {isa = PBXBuildFile; fileRef = ABC165F427E39E2D006C0B2C /* RegistrationVC.swift */; };
		ABC165F927E3A3D9006C0B2C /* GoogleService-Info.plist in Resources */ = {isa = PBXBuildFile; fileRef = ABC165F827E3A3D9006C0B2C /* GoogleService-Info.plist */; };
		ABC165FC27E3A545006C0B2C /* FirebaseAuth in Frameworks */ = {isa = PBXBuildFile; productRef = ABC165FB27E3A545006C0B2C /* FirebaseAuth */; };
		ABC165FE27E3A545006C0B2C /* FirebaseFirestore in Frameworks */ = {isa = PBXBuildFile; productRef = ABC165FD27E3A545006C0B2C /* FirebaseFirestore */; };
		ABC1660027E3AA4B006C0B2C /* LandingPageVC.swift in Sources */ = {isa = PBXBuildFile; fileRef = ABC165FF27E3AA4B006C0B2C /* LandingPageVC.swift */; };
		ABC1660227EBEB47006C0B2C /* UserSettingsVC.swift in Sources */ = {isa = PBXBuildFile; fileRef = ABC1660127EBEB46006C0B2C /* UserSettingsVC.swift */; };
		ABC1660B27EBF334006C0B2C /* UserSettingsCell.swift in Sources */ = {isa = PBXBuildFile; fileRef = ABC1660927EBF333006C0B2C /* UserSettingsCell.swift */; };
		ABC1660C27EBF334006C0B2C /* UserSettingsCell.xib in Resources */ = {isa = PBXBuildFile; fileRef = ABC1660A27EBF333006C0B2C /* UserSettingsCell.xib */; };
		ABC1660E27EBFE1A006C0B2C /* Constants.swift in Sources */ = {isa = PBXBuildFile; fileRef = ABC1660D27EBFE1A006C0B2C /* Constants.swift */; };
		ABC1661027EC0ADA006C0B2C /* Utils.swift in Sources */ = {isa = PBXBuildFile; fileRef = ABC1660F27EC0ADA006C0B2C /* Utils.swift */; };
/* End PBXBuildFile section */

/* Begin PBXContainerItemProxy section */
		ABC165D827E39BC2006C0B2C /* PBXContainerItemProxy */ = {
			isa = PBXContainerItemProxy;
			containerPortal = ABC165B927E39BC0006C0B2C /* Project object */;
			proxyType = 1;
			remoteGlobalIDString = ABC165C027E39BC1006C0B2C;
			remoteInfo = "Bought-or-Not";
		};
		ABC165E227E39BC2006C0B2C /* PBXContainerItemProxy */ = {
			isa = PBXContainerItemProxy;
			containerPortal = ABC165B927E39BC0006C0B2C /* Project object */;
			proxyType = 1;
			remoteGlobalIDString = ABC165C027E39BC1006C0B2C;
			remoteInfo = "Bought-or-Not";
		};
/* End PBXContainerItemProxy section */

/* Begin PBXFileReference section */
		A657103328281DD600C0B37A /* ItemDetailVC.swift */ = {isa = PBXFileReference; lastKnownFileType = sourcecode.swift; path = ItemDetailVC.swift; sourceTree = "<group>"; };
		A68B634D27E7C81200B7C6BC /* WishListCollectionVC.swift */ = {isa = PBXFileReference; lastKnownFileType = sourcecode.swift; path = WishListCollectionVC.swift; sourceTree = "<group>"; };
		A6F37F3027EE35B100BA3D1A /* ItemTableVC.swift */ = {isa = PBXFileReference; lastKnownFileType = sourcecode.swift; path = ItemTableVC.swift; sourceTree = "<group>"; };
		A6F37F3427EE7F3200BA3D1A /* ItemTableViewCell.swift */ = {isa = PBXFileReference; lastKnownFileType = sourcecode.swift; path = ItemTableViewCell.swift; sourceTree = "<group>"; };
		A6F37F3527EE7F3200BA3D1A /* ItemTableViewCell.xib */ = {isa = PBXFileReference; lastKnownFileType = file.xib; path = ItemTableViewCell.xib; sourceTree = "<group>"; };
		A6FE177D2810EBFF00C069CC /* NewListVC.swift */ = {isa = PBXFileReference; lastKnownFileType = sourcecode.swift; path = NewListVC.swift; sourceTree = "<group>"; };
		A6FE17802812386F00C069CC /* AddItemVC.swift */ = {isa = PBXFileReference; lastKnownFileType = sourcecode.swift; path = AddItemVC.swift; sourceTree = "<group>"; };
		AB2961C32812191500ECE28B /* FriendsVC.swift */ = {isa = PBXFileReference; lastKnownFileType = sourcecode.swift; path = FriendsVC.swift; sourceTree = "<group>"; };
		AB2961C528124BAF00ECE28B /* FriendCollectionViewCell.swift */ = {isa = PBXFileReference; lastKnownFileType = sourcecode.swift; path = FriendCollectionViewCell.swift; sourceTree = "<group>"; };
		AB2961C628124BAF00ECE28B /* FriendCollectionViewCell.xib */ = {isa = PBXFileReference; lastKnownFileType = file.xib; path = FriendCollectionViewCell.xib; sourceTree = "<group>"; };
		AB763EA4281337E0003C74CD /* ProfileVC.swift */ = {isa = PBXFileReference; lastKnownFileType = sourcecode.swift; path = ProfileVC.swift; sourceTree = "<group>"; };
		AB763EA828133971003C74CD /* User.swift */ = {isa = PBXFileReference; lastKnownFileType = sourcecode.swift; name = User.swift; path = "Bought-or-Not/Models/User.swift"; sourceTree = SOURCE_ROOT; };
		AB763EAA28135647003C74CD /* NotificationsVC.swift */ = {isa = PBXFileReference; lastKnownFileType = sourcecode.swift; path = NotificationsVC.swift; sourceTree = "<group>"; };
		AB763EAC2813566E003C74CD /* NotificationCell.swift */ = {isa = PBXFileReference; lastKnownFileType = sourcecode.swift; path = NotificationCell.swift; sourceTree = "<group>"; };
		AB763EAD2813566E003C74CD /* NotificationCell.xib */ = {isa = PBXFileReference; lastKnownFileType = file.xib; path = NotificationCell.xib; sourceTree = "<group>"; };
		AB763EB0281452D9003C74CD /* Notification.swift */ = {isa = PBXFileReference; lastKnownFileType = sourcecode.swift; name = Notification.swift; path = "Bought-or-Not/Models/Notification.swift"; sourceTree = SOURCE_ROOT; };
		AB84F714282773FD00226B27 /* TabBarVC.swift */ = {isa = PBXFileReference; lastKnownFileType = sourcecode.swift; path = TabBarVC.swift; sourceTree = "<group>"; };
		ABC14E4D2824AFB600C88F58 /* WishListCollectionViewCell.swift */ = {isa = PBXFileReference; lastKnownFileType = sourcecode.swift; path = WishListCollectionViewCell.swift; sourceTree = "<group>"; };
		ABC14E4E2824AFB600C88F58 /* WishListCollectionViewCell.xib */ = {isa = PBXFileReference; lastKnownFileType = file.xib; path = WishListCollectionViewCell.xib; sourceTree = "<group>"; };
		ABC165C127E39BC1006C0B2C /* Bought-or-Not.app */ = {isa = PBXFileReference; explicitFileType = wrapper.application; includeInIndex = 0; path = "Bought-or-Not.app"; sourceTree = BUILT_PRODUCTS_DIR; };
		ABC165C427E39BC1006C0B2C /* AppDelegate.swift */ = {isa = PBXFileReference; lastKnownFileType = sourcecode.swift; path = AppDelegate.swift; sourceTree = "<group>"; };
		ABC165C627E39BC1006C0B2C /* SceneDelegate.swift */ = {isa = PBXFileReference; lastKnownFileType = sourcecode.swift; path = SceneDelegate.swift; sourceTree = "<group>"; };
		ABC165C827E39BC1006C0B2C /* SignInVC.swift */ = {isa = PBXFileReference; lastKnownFileType = sourcecode.swift; path = SignInVC.swift; sourceTree = "<group>"; };
		ABC165CB27E39BC1006C0B2C /* Base */ = {isa = PBXFileReference; lastKnownFileType = file.storyboard; name = Base; path = Base.lproj/Main.storyboard; sourceTree = "<group>"; };
		ABC165CD27E39BC2006C0B2C /* Assets.xcassets */ = {isa = PBXFileReference; lastKnownFileType = folder.assetcatalog; path = Assets.xcassets; sourceTree = "<group>"; };
		ABC165D027E39BC2006C0B2C /* Base */ = {isa = PBXFileReference; lastKnownFileType = file.storyboard; name = Base; path = Base.lproj/LaunchScreen.storyboard; sourceTree = "<group>"; };
		ABC165D227E39BC2006C0B2C /* Info.plist */ = {isa = PBXFileReference; lastKnownFileType = text.plist.xml; path = Info.plist; sourceTree = "<group>"; };
		ABC165D727E39BC2006C0B2C /* Bought-or-NotTests.xctest */ = {isa = PBXFileReference; explicitFileType = wrapper.cfbundle; includeInIndex = 0; path = "Bought-or-NotTests.xctest"; sourceTree = BUILT_PRODUCTS_DIR; };
		ABC165DB27E39BC2006C0B2C /* Bought_or_NotTests.swift */ = {isa = PBXFileReference; lastKnownFileType = sourcecode.swift; path = Bought_or_NotTests.swift; sourceTree = "<group>"; };
		ABC165E127E39BC2006C0B2C /* Bought-or-NotUITests.xctest */ = {isa = PBXFileReference; explicitFileType = wrapper.cfbundle; includeInIndex = 0; path = "Bought-or-NotUITests.xctest"; sourceTree = BUILT_PRODUCTS_DIR; };
		ABC165E527E39BC2006C0B2C /* Bought_or_NotUITests.swift */ = {isa = PBXFileReference; lastKnownFileType = sourcecode.swift; path = Bought_or_NotUITests.swift; sourceTree = "<group>"; };
		ABC165E727E39BC2006C0B2C /* Bought_or_NotUITestsLaunchTests.swift */ = {isa = PBXFileReference; lastKnownFileType = sourcecode.swift; path = Bought_or_NotUITestsLaunchTests.swift; sourceTree = "<group>"; };
		ABC165F427E39E2D006C0B2C /* RegistrationVC.swift */ = {isa = PBXFileReference; lastKnownFileType = sourcecode.swift; path = RegistrationVC.swift; sourceTree = "<group>"; };
		ABC165F827E3A3D9006C0B2C /* GoogleService-Info.plist */ = {isa = PBXFileReference; fileEncoding = 4; lastKnownFileType = text.plist.xml; path = "GoogleService-Info.plist"; sourceTree = "<group>"; };
		ABC165FF27E3AA4B006C0B2C /* LandingPageVC.swift */ = {isa = PBXFileReference; lastKnownFileType = sourcecode.swift; path = LandingPageVC.swift; sourceTree = "<group>"; };
		ABC1660127EBEB46006C0B2C /* UserSettingsVC.swift */ = {isa = PBXFileReference; lastKnownFileType = sourcecode.swift; path = UserSettingsVC.swift; sourceTree = "<group>"; };
		ABC1660927EBF333006C0B2C /* UserSettingsCell.swift */ = {isa = PBXFileReference; lastKnownFileType = sourcecode.swift; path = UserSettingsCell.swift; sourceTree = "<group>"; };
		ABC1660A27EBF333006C0B2C /* UserSettingsCell.xib */ = {isa = PBXFileReference; lastKnownFileType = file.xib; path = UserSettingsCell.xib; sourceTree = "<group>"; };
		ABC1660D27EBFE1A006C0B2C /* Constants.swift */ = {isa = PBXFileReference; lastKnownFileType = sourcecode.swift; path = Constants.swift; sourceTree = "<group>"; };
		ABC1660F27EC0ADA006C0B2C /* Utils.swift */ = {isa = PBXFileReference; lastKnownFileType = sourcecode.swift; path = Utils.swift; sourceTree = "<group>"; };
/* End PBXFileReference section */

/* Begin PBXFrameworksBuildPhase section */
		ABC165BE27E39BC1006C0B2C /* Frameworks */ = {
			isa = PBXFrameworksBuildPhase;
			buildActionMask = 2147483647;
			files = (
				ABC165FC27E3A545006C0B2C /* FirebaseAuth in Frameworks */,
				ABC165FE27E3A545006C0B2C /* FirebaseFirestore in Frameworks */,
				A6499246281E23DC000BADDD /* FirebaseStorage in Frameworks */,
			);
			runOnlyForDeploymentPostprocessing = 0;
		};
		ABC165D427E39BC2006C0B2C /* Frameworks */ = {
			isa = PBXFrameworksBuildPhase;
			buildActionMask = 2147483647;
			files = (
			);
			runOnlyForDeploymentPostprocessing = 0;
		};
		ABC165DE27E39BC2006C0B2C /* Frameworks */ = {
			isa = PBXFrameworksBuildPhase;
			buildActionMask = 2147483647;
			files = (
			);
			runOnlyForDeploymentPostprocessing = 0;
		};
/* End PBXFrameworksBuildPhase section */

/* Begin PBXGroup section */
		ABC14E44282496CD00C88F58 /* Models */ = {
			isa = PBXGroup;
			children = (
				ABC1660F27EC0ADA006C0B2C /* Utils.swift */,
				AB84F714282773FD00226B27 /* TabBarVC.swift */,
				ABC1660D27EBFE1A006C0B2C /* Constants.swift */,
				AB763EA828133971003C74CD /* User.swift */,
				AB763EB0281452D9003C74CD /* Notification.swift */,
			);
			path = Models;
			sourceTree = "<group>";
		};
		ABC14E452824970F00C88F58 /* Views */ = {
			isa = PBXGroup;
			children = (
				ABC165CF27E39BC2006C0B2C /* LaunchScreen.storyboard */,
				ABC165CA27E39BC1006C0B2C /* Main.storyboard */,
				ABC1660827EBF30B006C0B2C /* CustomCells */,
			);
			path = Views;
			sourceTree = "<group>";
		};
		ABC14E462824973800C88F58 /* Controllers */ = {
			isa = PBXGroup;
			children = (
				A657103328281DD600C0B37A /* ItemDetailVC.swift */,
				ABC165C627E39BC1006C0B2C /* SceneDelegate.swift */,
				ABC165C427E39BC1006C0B2C /* AppDelegate.swift */,
				ABC165C827E39BC1006C0B2C /* SignInVC.swift */,
				A6F37F3027EE35B100BA3D1A /* ItemTableVC.swift */,
				A6FE17802812386F00C069CC /* AddItemVC.swift */,
				A68B634D27E7C81200B7C6BC /* WishListCollectionVC.swift */,
				A6FE177D2810EBFF00C069CC /* NewListVC.swift */,
				ABC165F427E39E2D006C0B2C /* RegistrationVC.swift */,
				ABC165FF27E3AA4B006C0B2C /* LandingPageVC.swift */,
				ABC1660127EBEB46006C0B2C /* UserSettingsVC.swift */,
				AB2961C32812191500ECE28B /* FriendsVC.swift */,
				AB763EA4281337E0003C74CD /* ProfileVC.swift */,
				AB763EAA28135647003C74CD /* NotificationsVC.swift */,
			);
			path = Controllers;
			sourceTree = "<group>";
		};
		ABC165B827E39BC0006C0B2C = {
			isa = PBXGroup;
			children = (
				ABC165C327E39BC1006C0B2C /* Bought-or-Not */,
				ABC165DA27E39BC2006C0B2C /* Bought-or-NotTests */,
				ABC165E427E39BC2006C0B2C /* Bought-or-NotUITests */,
				ABC165C227E39BC1006C0B2C /* Products */,
			);
			sourceTree = "<group>";
		};
		ABC165C227E39BC1006C0B2C /* Products */ = {
			isa = PBXGroup;
			children = (
				ABC165C127E39BC1006C0B2C /* Bought-or-Not.app */,
				ABC165D727E39BC2006C0B2C /* Bought-or-NotTests.xctest */,
				ABC165E127E39BC2006C0B2C /* Bought-or-NotUITests.xctest */,
			);
			name = Products;
			sourceTree = "<group>";
		};
		ABC165C327E39BC1006C0B2C /* Bought-or-Not */ = {
			isa = PBXGroup;
			children = (
				ABC14E462824973800C88F58 /* Controllers */,
				ABC14E452824970F00C88F58 /* Views */,
				ABC14E44282496CD00C88F58 /* Models */,
				ABC165CD27E39BC2006C0B2C /* Assets.xcassets */,
				ABC165D227E39BC2006C0B2C /* Info.plist */,
				ABC165F827E3A3D9006C0B2C /* GoogleService-Info.plist */,
			);
			path = "Bought-or-Not";
			sourceTree = "<group>";
		};
		ABC165DA27E39BC2006C0B2C /* Bought-or-NotTests */ = {
			isa = PBXGroup;
			children = (
				ABC165DB27E39BC2006C0B2C /* Bought_or_NotTests.swift */,
			);
			path = "Bought-or-NotTests";
			sourceTree = "<group>";
		};
		ABC165E427E39BC2006C0B2C /* Bought-or-NotUITests */ = {
			isa = PBXGroup;
			children = (
				ABC165E527E39BC2006C0B2C /* Bought_or_NotUITests.swift */,
				ABC165E727E39BC2006C0B2C /* Bought_or_NotUITestsLaunchTests.swift */,
			);
			path = "Bought-or-NotUITests";
			sourceTree = "<group>";
		};
		ABC1660827EBF30B006C0B2C /* CustomCells */ = {
			isa = PBXGroup;
			children = (
				ABC1660927EBF333006C0B2C /* UserSettingsCell.swift */,
				ABC1660A27EBF333006C0B2C /* UserSettingsCell.xib */,
				A6F37F3427EE7F3200BA3D1A /* ItemTableViewCell.swift */,
				A6F37F3527EE7F3200BA3D1A /* ItemTableViewCell.xib */,
				AB2961C528124BAF00ECE28B /* FriendCollectionViewCell.swift */,
				AB2961C628124BAF00ECE28B /* FriendCollectionViewCell.xib */,
				AB763EAC2813566E003C74CD /* NotificationCell.swift */,
				AB763EAD2813566E003C74CD /* NotificationCell.xib */,
				ABC14E4D2824AFB600C88F58 /* WishListCollectionViewCell.swift */,
				ABC14E4E2824AFB600C88F58 /* WishListCollectionViewCell.xib */,
			);
			path = CustomCells;
			sourceTree = "<group>";
		};
/* End PBXGroup section */

/* Begin PBXNativeTarget section */
		ABC165C027E39BC1006C0B2C /* Bought-or-Not */ = {
			isa = PBXNativeTarget;
			buildConfigurationList = ABC165EB27E39BC2006C0B2C /* Build configuration list for PBXNativeTarget "Bought-or-Not" */;
			buildPhases = (
				ABC165BD27E39BC1006C0B2C /* Sources */,
				ABC165BE27E39BC1006C0B2C /* Frameworks */,
				ABC165BF27E39BC1006C0B2C /* Resources */,
			);
			buildRules = (
			);
			dependencies = (
			);
			name = "Bought-or-Not";
			packageProductDependencies = (
				ABC165FB27E3A545006C0B2C /* FirebaseAuth */,
				ABC165FD27E3A545006C0B2C /* FirebaseFirestore */,
				A6499245281E23DC000BADDD /* FirebaseStorage */,
			);
			productName = "Bought-or-Not";
			productReference = ABC165C127E39BC1006C0B2C /* Bought-or-Not.app */;
			productType = "com.apple.product-type.application";
		};
		ABC165D627E39BC2006C0B2C /* Bought-or-NotTests */ = {
			isa = PBXNativeTarget;
			buildConfigurationList = ABC165EE27E39BC2006C0B2C /* Build configuration list for PBXNativeTarget "Bought-or-NotTests" */;
			buildPhases = (
				ABC165D327E39BC2006C0B2C /* Sources */,
				ABC165D427E39BC2006C0B2C /* Frameworks */,
				ABC165D527E39BC2006C0B2C /* Resources */,
			);
			buildRules = (
			);
			dependencies = (
				ABC165D927E39BC2006C0B2C /* PBXTargetDependency */,
			);
			name = "Bought-or-NotTests";
			productName = "Bought-or-NotTests";
			productReference = ABC165D727E39BC2006C0B2C /* Bought-or-NotTests.xctest */;
			productType = "com.apple.product-type.bundle.unit-test";
		};
		ABC165E027E39BC2006C0B2C /* Bought-or-NotUITests */ = {
			isa = PBXNativeTarget;
			buildConfigurationList = ABC165F127E39BC2006C0B2C /* Build configuration list for PBXNativeTarget "Bought-or-NotUITests" */;
			buildPhases = (
				ABC165DD27E39BC2006C0B2C /* Sources */,
				ABC165DE27E39BC2006C0B2C /* Frameworks */,
				ABC165DF27E39BC2006C0B2C /* Resources */,
			);
			buildRules = (
			);
			dependencies = (
				ABC165E327E39BC2006C0B2C /* PBXTargetDependency */,
			);
			name = "Bought-or-NotUITests";
			productName = "Bought-or-NotUITests";
			productReference = ABC165E127E39BC2006C0B2C /* Bought-or-NotUITests.xctest */;
			productType = "com.apple.product-type.bundle.ui-testing";
		};
/* End PBXNativeTarget section */

/* Begin PBXProject section */
		ABC165B927E39BC0006C0B2C /* Project object */ = {
			isa = PBXProject;
			attributes = {
				BuildIndependentTargetsInParallel = 1;
				LastSwiftUpdateCheck = 1330;
				LastUpgradeCheck = 1330;
				TargetAttributes = {
					ABC165C027E39BC1006C0B2C = {
						CreatedOnToolsVersion = 13.3;
					};
					ABC165D627E39BC2006C0B2C = {
						CreatedOnToolsVersion = 13.3;
						TestTargetID = ABC165C027E39BC1006C0B2C;
					};
					ABC165E027E39BC2006C0B2C = {
						CreatedOnToolsVersion = 13.3;
						TestTargetID = ABC165C027E39BC1006C0B2C;
					};
				};
			};
			buildConfigurationList = ABC165BC27E39BC0006C0B2C /* Build configuration list for PBXProject "Bought-or-Not" */;
			compatibilityVersion = "Xcode 13.0";
			developmentRegion = en;
			hasScannedForEncodings = 0;
			knownRegions = (
				en,
				Base,
			);
			mainGroup = ABC165B827E39BC0006C0B2C;
			packageReferences = (
				ABC165FA27E3A545006C0B2C /* XCRemoteSwiftPackageReference "firebase-ios-sdk" */,
				A6499244281E23DC000BADDD /* XCRemoteSwiftPackageReference "firebase-ios-sdk" */,
			);
			productRefGroup = ABC165C227E39BC1006C0B2C /* Products */;
			projectDirPath = "";
			projectRoot = "";
			targets = (
				ABC165C027E39BC1006C0B2C /* Bought-or-Not */,
				ABC165D627E39BC2006C0B2C /* Bought-or-NotTests */,
				ABC165E027E39BC2006C0B2C /* Bought-or-NotUITests */,
			);
		};
/* End PBXProject section */

/* Begin PBXResourcesBuildPhase section */
		ABC165BF27E39BC1006C0B2C /* Resources */ = {
			isa = PBXResourcesBuildPhase;
			buildActionMask = 2147483647;
			files = (
				A6F37F3727EE7F3200BA3D1A /* ItemTableViewCell.xib in Resources */,
				ABC165D127E39BC2006C0B2C /* LaunchScreen.storyboard in Resources */,
				ABC165F927E3A3D9006C0B2C /* GoogleService-Info.plist in Resources */,
				AB2961C828124BAF00ECE28B /* FriendCollectionViewCell.xib in Resources */,
				ABC14E502824AFB600C88F58 /* WishListCollectionViewCell.xib in Resources */,
				AB763EAF2813566E003C74CD /* NotificationCell.xib in Resources */,
				ABC165CE27E39BC2006C0B2C /* Assets.xcassets in Resources */,
				ABC165CC27E39BC1006C0B2C /* Main.storyboard in Resources */,
				ABC1660C27EBF334006C0B2C /* UserSettingsCell.xib in Resources */,
			);
			runOnlyForDeploymentPostprocessing = 0;
		};
		ABC165D527E39BC2006C0B2C /* Resources */ = {
			isa = PBXResourcesBuildPhase;
			buildActionMask = 2147483647;
			files = (
			);
			runOnlyForDeploymentPostprocessing = 0;
		};
		ABC165DF27E39BC2006C0B2C /* Resources */ = {
			isa = PBXResourcesBuildPhase;
			buildActionMask = 2147483647;
			files = (
			);
			runOnlyForDeploymentPostprocessing = 0;
		};
/* End PBXResourcesBuildPhase section */

/* Begin PBXSourcesBuildPhase section */
		ABC165BD27E39BC1006C0B2C /* Sources */ = {
			isa = PBXSourcesBuildPhase;
			buildActionMask = 2147483647;
			files = (
				A6F37F3227EE35B100BA3D1A /* ItemTableVC.swift in Sources */,
				ABC1660E27EBFE1A006C0B2C /* Constants.swift in Sources */,
				ABC14E4F2824AFB600C88F58 /* WishListCollectionViewCell.swift in Sources */,
				ABC165C927E39BC1006C0B2C /* SignInVC.swift in Sources */,
				A6FE177E2810EBFF00C069CC /* NewListVC.swift in Sources */,
				ABC165C527E39BC1006C0B2C /* AppDelegate.swift in Sources */,
				AB763EAB28135647003C74CD /* NotificationsVC.swift in Sources */,
				ABC1660027E3AA4B006C0B2C /* LandingPageVC.swift in Sources */,
				A68B634E27E7C81200B7C6BC /* WishListCollectionVC.swift in Sources */,
				AB763EAE2813566E003C74CD /* NotificationCell.swift in Sources */,
				ABC1660B27EBF334006C0B2C /* UserSettingsCell.swift in Sources */,
				ABC1660227EBEB47006C0B2C /* UserSettingsVC.swift in Sources */,
				ABC165C727E39BC1006C0B2C /* SceneDelegate.swift in Sources */,
				A6FE17812812386F00C069CC /* AddItemVC.swift in Sources */,
				ABC165F527E39E2D006C0B2C /* RegistrationVC.swift in Sources */,
				A6F37F3627EE7F3200BA3D1A /* ItemTableViewCell.swift in Sources */,
				A657103428281DD600C0B37A /* ItemDetailVC.swift in Sources */,
				AB763EA5281337E0003C74CD /* ProfileVC.swift in Sources */,
				AB763EA928133971003C74CD /* User.swift in Sources */,
				AB763EB1281452D9003C74CD /* Notification.swift in Sources */,
				AB2961C728124BAF00ECE28B /* FriendCollectionViewCell.swift in Sources */,
				AB84F715282773FD00226B27 /* TabBarVC.swift in Sources */,
				ABC1661027EC0ADA006C0B2C /* Utils.swift in Sources */,
				AB2961C42812191500ECE28B /* FriendsVC.swift in Sources */,
			);
			runOnlyForDeploymentPostprocessing = 0;
		};
		ABC165D327E39BC2006C0B2C /* Sources */ = {
			isa = PBXSourcesBuildPhase;
			buildActionMask = 2147483647;
			files = (
				ABC165DC27E39BC2006C0B2C /* Bought_or_NotTests.swift in Sources */,
			);
			runOnlyForDeploymentPostprocessing = 0;
		};
		ABC165DD27E39BC2006C0B2C /* Sources */ = {
			isa = PBXSourcesBuildPhase;
			buildActionMask = 2147483647;
			files = (
				ABC165E827E39BC2006C0B2C /* Bought_or_NotUITestsLaunchTests.swift in Sources */,
				ABC165E627E39BC2006C0B2C /* Bought_or_NotUITests.swift in Sources */,
			);
			runOnlyForDeploymentPostprocessing = 0;
		};
/* End PBXSourcesBuildPhase section */

/* Begin PBXTargetDependency section */
		ABC165D927E39BC2006C0B2C /* PBXTargetDependency */ = {
			isa = PBXTargetDependency;
			target = ABC165C027E39BC1006C0B2C /* Bought-or-Not */;
			targetProxy = ABC165D827E39BC2006C0B2C /* PBXContainerItemProxy */;
		};
		ABC165E327E39BC2006C0B2C /* PBXTargetDependency */ = {
			isa = PBXTargetDependency;
			target = ABC165C027E39BC1006C0B2C /* Bought-or-Not */;
			targetProxy = ABC165E227E39BC2006C0B2C /* PBXContainerItemProxy */;
		};
/* End PBXTargetDependency section */

/* Begin PBXVariantGroup section */
		ABC165CA27E39BC1006C0B2C /* Main.storyboard */ = {
			isa = PBXVariantGroup;
			children = (
				ABC165CB27E39BC1006C0B2C /* Base */,
			);
			name = Main.storyboard;
			sourceTree = "<group>";
		};
		ABC165CF27E39BC2006C0B2C /* LaunchScreen.storyboard */ = {
			isa = PBXVariantGroup;
			children = (
				ABC165D027E39BC2006C0B2C /* Base */,
			);
			name = LaunchScreen.storyboard;
			sourceTree = "<group>";
		};
/* End PBXVariantGroup section */

/* Begin XCBuildConfiguration section */
		ABC165E927E39BC2006C0B2C /* Debug */ = {
			isa = XCBuildConfiguration;
			buildSettings = {
				ALWAYS_SEARCH_USER_PATHS = NO;
				CLANG_ANALYZER_NONNULL = YES;
				CLANG_ANALYZER_NUMBER_OBJECT_CONVERSION = YES_AGGRESSIVE;
				CLANG_CXX_LANGUAGE_STANDARD = "gnu++17";
				CLANG_ENABLE_MODULES = YES;
				CLANG_ENABLE_OBJC_ARC = YES;
				CLANG_ENABLE_OBJC_WEAK = YES;
				CLANG_WARN_BLOCK_CAPTURE_AUTORELEASING = YES;
				CLANG_WARN_BOOL_CONVERSION = YES;
				CLANG_WARN_COMMA = YES;
				CLANG_WARN_CONSTANT_CONVERSION = YES;
				CLANG_WARN_DEPRECATED_OBJC_IMPLEMENTATIONS = YES;
				CLANG_WARN_DIRECT_OBJC_ISA_USAGE = YES_ERROR;
				CLANG_WARN_DOCUMENTATION_COMMENTS = YES;
				CLANG_WARN_EMPTY_BODY = YES;
				CLANG_WARN_ENUM_CONVERSION = YES;
				CLANG_WARN_INFINITE_RECURSION = YES;
				CLANG_WARN_INT_CONVERSION = YES;
				CLANG_WARN_NON_LITERAL_NULL_CONVERSION = YES;
				CLANG_WARN_OBJC_IMPLICIT_RETAIN_SELF = YES;
				CLANG_WARN_OBJC_LITERAL_CONVERSION = YES;
				CLANG_WARN_OBJC_ROOT_CLASS = YES_ERROR;
				CLANG_WARN_QUOTED_INCLUDE_IN_FRAMEWORK_HEADER = YES;
				CLANG_WARN_RANGE_LOOP_ANALYSIS = YES;
				CLANG_WARN_STRICT_PROTOTYPES = YES;
				CLANG_WARN_SUSPICIOUS_MOVE = YES;
				CLANG_WARN_UNGUARDED_AVAILABILITY = YES_AGGRESSIVE;
				CLANG_WARN_UNREACHABLE_CODE = YES;
				CLANG_WARN__DUPLICATE_METHOD_MATCH = YES;
				COPY_PHASE_STRIP = NO;
				DEBUG_INFORMATION_FORMAT = dwarf;
				ENABLE_STRICT_OBJC_MSGSEND = YES;
				ENABLE_TESTABILITY = YES;
				GCC_C_LANGUAGE_STANDARD = gnu11;
				GCC_DYNAMIC_NO_PIC = NO;
				GCC_NO_COMMON_BLOCKS = YES;
				GCC_OPTIMIZATION_LEVEL = 0;
				GCC_PREPROCESSOR_DEFINITIONS = (
					"DEBUG=1",
					"$(inherited)",
				);
				GCC_WARN_64_TO_32_BIT_CONVERSION = YES;
				GCC_WARN_ABOUT_RETURN_TYPE = YES_ERROR;
				GCC_WARN_UNDECLARED_SELECTOR = YES;
				GCC_WARN_UNINITIALIZED_AUTOS = YES_AGGRESSIVE;
				GCC_WARN_UNUSED_FUNCTION = YES;
				GCC_WARN_UNUSED_VARIABLE = YES;
				IPHONEOS_DEPLOYMENT_TARGET = 15.4;
				MTL_ENABLE_DEBUG_INFO = INCLUDE_SOURCE;
				MTL_FAST_MATH = YES;
				ONLY_ACTIVE_ARCH = YES;
				SDKROOT = iphoneos;
				SWIFT_ACTIVE_COMPILATION_CONDITIONS = DEBUG;
				SWIFT_OPTIMIZATION_LEVEL = "-Onone";
			};
			name = Debug;
		};
		ABC165EA27E39BC2006C0B2C /* Release */ = {
			isa = XCBuildConfiguration;
			buildSettings = {
				ALWAYS_SEARCH_USER_PATHS = NO;
				CLANG_ANALYZER_NONNULL = YES;
				CLANG_ANALYZER_NUMBER_OBJECT_CONVERSION = YES_AGGRESSIVE;
				CLANG_CXX_LANGUAGE_STANDARD = "gnu++17";
				CLANG_ENABLE_MODULES = YES;
				CLANG_ENABLE_OBJC_ARC = YES;
				CLANG_ENABLE_OBJC_WEAK = YES;
				CLANG_WARN_BLOCK_CAPTURE_AUTORELEASING = YES;
				CLANG_WARN_BOOL_CONVERSION = YES;
				CLANG_WARN_COMMA = YES;
				CLANG_WARN_CONSTANT_CONVERSION = YES;
				CLANG_WARN_DEPRECATED_OBJC_IMPLEMENTATIONS = YES;
				CLANG_WARN_DIRECT_OBJC_ISA_USAGE = YES_ERROR;
				CLANG_WARN_DOCUMENTATION_COMMENTS = YES;
				CLANG_WARN_EMPTY_BODY = YES;
				CLANG_WARN_ENUM_CONVERSION = YES;
				CLANG_WARN_INFINITE_RECURSION = YES;
				CLANG_WARN_INT_CONVERSION = YES;
				CLANG_WARN_NON_LITERAL_NULL_CONVERSION = YES;
				CLANG_WARN_OBJC_IMPLICIT_RETAIN_SELF = YES;
				CLANG_WARN_OBJC_LITERAL_CONVERSION = YES;
				CLANG_WARN_OBJC_ROOT_CLASS = YES_ERROR;
				CLANG_WARN_QUOTED_INCLUDE_IN_FRAMEWORK_HEADER = YES;
				CLANG_WARN_RANGE_LOOP_ANALYSIS = YES;
				CLANG_WARN_STRICT_PROTOTYPES = YES;
				CLANG_WARN_SUSPICIOUS_MOVE = YES;
				CLANG_WARN_UNGUARDED_AVAILABILITY = YES_AGGRESSIVE;
				CLANG_WARN_UNREACHABLE_CODE = YES;
				CLANG_WARN__DUPLICATE_METHOD_MATCH = YES;
				COPY_PHASE_STRIP = NO;
				DEBUG_INFORMATION_FORMAT = "dwarf-with-dsym";
				ENABLE_NS_ASSERTIONS = NO;
				ENABLE_STRICT_OBJC_MSGSEND = YES;
				GCC_C_LANGUAGE_STANDARD = gnu11;
				GCC_NO_COMMON_BLOCKS = YES;
				GCC_WARN_64_TO_32_BIT_CONVERSION = YES;
				GCC_WARN_ABOUT_RETURN_TYPE = YES_ERROR;
				GCC_WARN_UNDECLARED_SELECTOR = YES;
				GCC_WARN_UNINITIALIZED_AUTOS = YES_AGGRESSIVE;
				GCC_WARN_UNUSED_FUNCTION = YES;
				GCC_WARN_UNUSED_VARIABLE = YES;
				IPHONEOS_DEPLOYMENT_TARGET = 15.4;
				MTL_ENABLE_DEBUG_INFO = NO;
				MTL_FAST_MATH = YES;
				SDKROOT = iphoneos;
				SWIFT_COMPILATION_MODE = wholemodule;
				SWIFT_OPTIMIZATION_LEVEL = "-O";
				VALIDATE_PRODUCT = YES;
			};
			name = Release;
		};
		ABC165EC27E39BC2006C0B2C /* Debug */ = {
			isa = XCBuildConfiguration;
			buildSettings = {
				ASSETCATALOG_COMPILER_APPICON_NAME = AppIcon;
				ASSETCATALOG_COMPILER_GLOBAL_ACCENT_COLOR_NAME = AccentColor;
				CODE_SIGN_STYLE = Automatic;
				CURRENT_PROJECT_VERSION = 1;
				DEVELOPMENT_TEAM = YJ3D687KQU;
				GENERATE_INFOPLIST_FILE = YES;
				INFOPLIST_FILE = "Bought-or-Not/Info.plist";
				INFOPLIST_KEY_UIApplicationSupportsIndirectInputEvents = YES;
				INFOPLIST_KEY_UILaunchStoryboardName = LaunchScreen;
				INFOPLIST_KEY_UIMainStoryboardFile = Main;
				INFOPLIST_KEY_UISupportedInterfaceOrientations_iPad = "UIInterfaceOrientationPortrait UIInterfaceOrientationPortraitUpsideDown UIInterfaceOrientationLandscapeLeft UIInterfaceOrientationLandscapeRight";
				INFOPLIST_KEY_UISupportedInterfaceOrientations_iPhone = "UIInterfaceOrientationPortrait UIInterfaceOrientationLandscapeLeft UIInterfaceOrientationLandscapeRight";
				LD_RUNPATH_SEARCH_PATHS = (
					"$(inherited)",
					"@executable_path/Frameworks",
				);
				MARKETING_VERSION = 1.0;
				PRODUCT_BUNDLE_IDENTIFIER = "dev.ChaseA-ChrisH.Bought-or-Not";
				PRODUCT_NAME = "$(TARGET_NAME)";
				SWIFT_EMIT_LOC_STRINGS = YES;
				SWIFT_VERSION = 5.0;
				TARGETED_DEVICE_FAMILY = "1,2";
			};
			name = Debug;
		};
		ABC165ED27E39BC2006C0B2C /* Release */ = {
			isa = XCBuildConfiguration;
			buildSettings = {
				ASSETCATALOG_COMPILER_APPICON_NAME = AppIcon;
				ASSETCATALOG_COMPILER_GLOBAL_ACCENT_COLOR_NAME = AccentColor;
				CODE_SIGN_STYLE = Automatic;
				CURRENT_PROJECT_VERSION = 1;
				DEVELOPMENT_TEAM = YJ3D687KQU;
				GENERATE_INFOPLIST_FILE = YES;
				INFOPLIST_FILE = "Bought-or-Not/Info.plist";
				INFOPLIST_KEY_UIApplicationSupportsIndirectInputEvents = YES;
				INFOPLIST_KEY_UILaunchStoryboardName = LaunchScreen;
				INFOPLIST_KEY_UIMainStoryboardFile = Main;
				INFOPLIST_KEY_UISupportedInterfaceOrientations_iPad = "UIInterfaceOrientationPortrait UIInterfaceOrientationPortraitUpsideDown UIInterfaceOrientationLandscapeLeft UIInterfaceOrientationLandscapeRight";
				INFOPLIST_KEY_UISupportedInterfaceOrientations_iPhone = "UIInterfaceOrientationPortrait UIInterfaceOrientationLandscapeLeft UIInterfaceOrientationLandscapeRight";
				LD_RUNPATH_SEARCH_PATHS = (
					"$(inherited)",
					"@executable_path/Frameworks",
				);
				MARKETING_VERSION = 1.0;
				PRODUCT_BUNDLE_IDENTIFIER = "dev.ChaseA-ChrisH.Bought-or-Not";
				PRODUCT_NAME = "$(TARGET_NAME)";
				SWIFT_EMIT_LOC_STRINGS = YES;
				SWIFT_VERSION = 5.0;
				TARGETED_DEVICE_FAMILY = "1,2";
			};
			name = Release;
		};
		ABC165EF27E39BC2006C0B2C /* Debug */ = {
			isa = XCBuildConfiguration;
			buildSettings = {
				ALWAYS_EMBED_SWIFT_STANDARD_LIBRARIES = YES;
				BUNDLE_LOADER = "$(TEST_HOST)";
				CODE_SIGN_STYLE = Automatic;
				CURRENT_PROJECT_VERSION = 1;
				DEVELOPMENT_TEAM = YJ3D687KQU;
				GENERATE_INFOPLIST_FILE = YES;
				IPHONEOS_DEPLOYMENT_TARGET = 15.4;
				MARKETING_VERSION = 1.0;
				PRODUCT_BUNDLE_IDENTIFIER = "dev.ChaseA-ChrisH.Bought-or-NotTests";
				PRODUCT_NAME = "$(TARGET_NAME)";
				SWIFT_EMIT_LOC_STRINGS = NO;
				SWIFT_VERSION = 5.0;
				TARGETED_DEVICE_FAMILY = "1,2";
				TEST_HOST = "$(BUILT_PRODUCTS_DIR)/Bought-or-Not.app/Bought-or-Not";
			};
			name = Debug;
		};
		ABC165F027E39BC2006C0B2C /* Release */ = {
			isa = XCBuildConfiguration;
			buildSettings = {
				ALWAYS_EMBED_SWIFT_STANDARD_LIBRARIES = YES;
				BUNDLE_LOADER = "$(TEST_HOST)";
				CODE_SIGN_STYLE = Automatic;
				CURRENT_PROJECT_VERSION = 1;
				DEVELOPMENT_TEAM = YJ3D687KQU;
				GENERATE_INFOPLIST_FILE = YES;
				IPHONEOS_DEPLOYMENT_TARGET = 15.4;
				MARKETING_VERSION = 1.0;
				PRODUCT_BUNDLE_IDENTIFIER = "dev.ChaseA-ChrisH.Bought-or-NotTests";
				PRODUCT_NAME = "$(TARGET_NAME)";
				SWIFT_EMIT_LOC_STRINGS = NO;
				SWIFT_VERSION = 5.0;
				TARGETED_DEVICE_FAMILY = "1,2";
				TEST_HOST = "$(BUILT_PRODUCTS_DIR)/Bought-or-Not.app/Bought-or-Not";
			};
			name = Release;
		};
		ABC165F227E39BC2006C0B2C /* Debug */ = {
			isa = XCBuildConfiguration;
			buildSettings = {
				ALWAYS_EMBED_SWIFT_STANDARD_LIBRARIES = YES;
				CODE_SIGN_STYLE = Automatic;
				CURRENT_PROJECT_VERSION = 1;
				DEVELOPMENT_TEAM = YJ3D687KQU;
				GENERATE_INFOPLIST_FILE = YES;
				MARKETING_VERSION = 1.0;
				PRODUCT_BUNDLE_IDENTIFIER = "dev.ChaseA-ChrisH.Bought-or-NotUITests";
				PRODUCT_NAME = "$(TARGET_NAME)";
				SWIFT_EMIT_LOC_STRINGS = NO;
				SWIFT_VERSION = 5.0;
				TARGETED_DEVICE_FAMILY = "1,2";
				TEST_TARGET_NAME = "Bought-or-Not";
			};
			name = Debug;
		};
		ABC165F327E39BC2006C0B2C /* Release */ = {
			isa = XCBuildConfiguration;
			buildSettings = {
				ALWAYS_EMBED_SWIFT_STANDARD_LIBRARIES = YES;
				CODE_SIGN_STYLE = Automatic;
				CURRENT_PROJECT_VERSION = 1;
				DEVELOPMENT_TEAM = YJ3D687KQU;
				GENERATE_INFOPLIST_FILE = YES;
				MARKETING_VERSION = 1.0;
				PRODUCT_BUNDLE_IDENTIFIER = "dev.ChaseA-ChrisH.Bought-or-NotUITests";
				PRODUCT_NAME = "$(TARGET_NAME)";
				SWIFT_EMIT_LOC_STRINGS = NO;
				SWIFT_VERSION = 5.0;
				TARGETED_DEVICE_FAMILY = "1,2";
				TEST_TARGET_NAME = "Bought-or-Not";
			};
			name = Release;
		};
/* End XCBuildConfiguration section */

/* Begin XCConfigurationList section */
		ABC165BC27E39BC0006C0B2C /* Build configuration list for PBXProject "Bought-or-Not" */ = {
			isa = XCConfigurationList;
			buildConfigurations = (
				ABC165E927E39BC2006C0B2C /* Debug */,
				ABC165EA27E39BC2006C0B2C /* Release */,
			);
			defaultConfigurationIsVisible = 0;
			defaultConfigurationName = Release;
		};
		ABC165EB27E39BC2006C0B2C /* Build configuration list for PBXNativeTarget "Bought-or-Not" */ = {
			isa = XCConfigurationList;
			buildConfigurations = (
				ABC165EC27E39BC2006C0B2C /* Debug */,
				ABC165ED27E39BC2006C0B2C /* Release */,
			);
			defaultConfigurationIsVisible = 0;
			defaultConfigurationName = Release;
		};
		ABC165EE27E39BC2006C0B2C /* Build configuration list for PBXNativeTarget "Bought-or-NotTests" */ = {
			isa = XCConfigurationList;
			buildConfigurations = (
				ABC165EF27E39BC2006C0B2C /* Debug */,
				ABC165F027E39BC2006C0B2C /* Release */,
			);
			defaultConfigurationIsVisible = 0;
			defaultConfigurationName = Release;
		};
		ABC165F127E39BC2006C0B2C /* Build configuration list for PBXNativeTarget "Bought-or-NotUITests" */ = {
			isa = XCConfigurationList;
			buildConfigurations = (
				ABC165F227E39BC2006C0B2C /* Debug */,
				ABC165F327E39BC2006C0B2C /* Release */,
			);
			defaultConfigurationIsVisible = 0;
			defaultConfigurationName = Release;
		};
/* End XCConfigurationList section */

/* Begin XCRemoteSwiftPackageReference section */
		A6499244281E23DC000BADDD /* XCRemoteSwiftPackageReference "firebase-ios-sdk" */ = {
			isa = XCRemoteSwiftPackageReference;
			repositoryURL = "https://github.com/firebase/firebase-ios-sdk.git";
			requirement = {
				kind = upToNextMajorVersion;
				minimumVersion = 8.0.0;
			};
		};
		ABC165FA27E3A545006C0B2C /* XCRemoteSwiftPackageReference "firebase-ios-sdk" */ = {
			isa = XCRemoteSwiftPackageReference;
			repositoryURL = "https://github.com/firebase/firebase-ios-sdk";
			requirement = {
				kind = upToNextMajorVersion;
				minimumVersion = 8.0.0;
			};
		};
/* End XCRemoteSwiftPackageReference section */

/* Begin XCSwiftPackageProductDependency section */
		A6499245281E23DC000BADDD /* FirebaseStorage */ = {
			isa = XCSwiftPackageProductDependency;
			package = A6499244281E23DC000BADDD /* XCRemoteSwiftPackageReference "firebase-ios-sdk" */;
			productName = FirebaseStorage;
		};
		ABC165FB27E3A545006C0B2C /* FirebaseAuth */ = {
			isa = XCSwiftPackageProductDependency;
			package = ABC165FA27E3A545006C0B2C /* XCRemoteSwiftPackageReference "firebase-ios-sdk" */;
			productName = FirebaseAuth;
		};
		ABC165FD27E3A545006C0B2C /* FirebaseFirestore */ = {
			isa = XCSwiftPackageProductDependency;
			package = ABC165FA27E3A545006C0B2C /* XCRemoteSwiftPackageReference "firebase-ios-sdk" */;
			productName = FirebaseFirestore;
		};
/* End XCSwiftPackageProductDependency section */
	};
	rootObject = ABC165B927E39BC0006C0B2C /* Project object */;
}
